
Microsoft Visual Studio Solution File, Format Version 12.00
# Visual Studio 15
VisualStudioVersion = 15.0.28307.539
MinimumVisualStudioVersion = 10.0.40219.1
Project("{FAE04EC0-301F-11D3-BF4B-00C04F79EFBC}") = "AcaBot - Tibia Bot", "AcaBot - Tibia Bot\AcaBot - Tibia Bot.csproj", "{DDFE5F09-2C13-4E48-8266-E01C56B2D49E}"
EndProject
Global
	GlobalSection(SolutionConfigurationPlatforms) = preSolution
		Debug|Any CPU = Debug|Any CPU
		Release|Any CPU = Release|Any CPU
	EndGlobalSection
	GlobalSection(ProjectConfigurationPlatforms) = postSolution
		{DDFE5F09-2C13-4E48-8266-E01C56B2D49E}.Debug|Any CPU.ActiveCfg = Debug|Any CPU
		{DDFE5F09-2C13-4E48-8266-E01C56B2D49E}.Debug|Any CPU.Build.0 = Debug|Any CPU
		{DDFE5F09-2C13-4E48-8266-E01C56B2D49E}.Release|Any CPU.ActiveCfg = Release|Any CPU
		{DDFE5F09-2C13-4E48-8266-E01C56B2D49E}.Release|Any CPU.Build.0 = Release|Any CPU
	EndGlobalSection
	GlobalSection(SolutionProperties) = preSolution
		HideSolutionNode = FALSE
	EndGlobalSection
	GlobalSection(ExtensibilityGlobals) = postSolution
		SolutionGuid = {B7B1BD6F-611F-445F-A901-4A1ECF8838CB}
	EndGlobalSection
EndGlobal
